{
  "name": "orm_do_bahia",
  "version": "1.0.0",
  "lockfileVersion": 3,
  "requires": true,
  "packages": {
    "": {
      "name": "orm_do_bahia",
      "version": "1.0.0",
      "license": "ISC",
      "dependencies": {
        "orm_do_bahia": "^1.0.0"
      }
    },
    "node_modules/orm_do_bahia": {
      "version": "1.0.0",
      "resolved": "https://registry.npmjs.org/orm_do_bahia/-/orm_do_bahia-1.0.0.tgz",
      "integrity": "sha512-+EBulzUzR7nPcmBaLMh2hjLnX4VIDEYqVZXGpfJTTNbP+yp92VhtntI16D1mC2vmdCpoUNSXNY6HkyNPiWuyyw=="
    }
  }
}
